github.com/brianvoe/gofakeit/v7 v7.6.0 h1:M3RUb5CuS2IZmF/cP+O+NdLxJEuDAZxNQBwPbbqR6h4=
github.com/brianvoe/gofakeit/v7 v7.6.0/go.mod h1:QXuPeBw164PJCzCUZVmgpgHJ3Llj49jSLVkKPMtxtxA=
github.com/mattn/go-sqlite3 v1.14.22 h1:2gZY6PC6kBnID23Tichd1K+Z0oS6nE/XwU+Vz/5o4kU=
github.com/mattn/go-sqlite3 v1.14.22/go.mod h1:Uh1q+B4BYcTPb+yiD3kU8Ct7aC0hY9fxUwlHK0RXw+Y=
